// !$*UTF8*$!
{
	archiveVersion = 1;
	classes = {
	};
	objectVersion = 52;
	objects = {

/* Begin PBXBuildFile section */
		04BA915A26DA74EA00014C93 /* ImagePicker.swift in Sources */ = {isa = PBXBuildFile; fileRef = 04BA915926DA74EA00014C93 /* ImagePicker.swift */; };
		04BA915E26DB80FE00014C93 /* Response.swift in Sources */ = {isa = PBXBuildFile; fileRef = 04BA915D26DB80FE00014C93 /* Response.swift */; };
		04BA916026DB9FE600014C93 /* ViewModel.swift in Sources */ = {isa = PBXBuildFile; fileRef = 04BA915F26DB9FE600014C93 /* ViewModel.swift */; };
		04BA916226DBA0F800014C93 /* PhotoButton.swift in Sources */ = {isa = PBXBuildFile; fileRef = 04BA916126DBA0F800014C93 /* PhotoButton.swift */; };
		04BA916426DBA13300014C93 /* UpdateNBar.swift in Sources */ = {isa = PBXBuildFile; fileRef = 04BA916326DBA13300014C93 /* UpdateNBar.swift */; };
		04BA916626DBFB4400014C93 /* Fourier.swift in Sources */ = {isa = PBXBuildFile; fileRef = 04BA916526DBFB4400014C93 /* Fourier.swift */; };
		04BA916926DC008900014C93 /* ComplexModule in Frameworks */ = {isa = PBXBuildFile; productRef = 04BA916826DC008900014C93 /* ComplexModule */; };
		04FCE2D226D5046F001D1BE8 /* FourierApp.swift in Sources */ = {isa = PBXBuildFile; fileRef = 04FCE2D126D5046F001D1BE8 /* FourierApp.swift */; };
		04FCE2D626D50470001D1BE8 /* Assets.xcassets in Resources */ = {isa = PBXBuildFile; fileRef = 04FCE2D526D50470001D1BE8 /* Assets.xcassets */; };
		04FCE2E126D5146F001D1BE8 /* DrawView.swift in Sources */ = {isa = PBXBuildFile; fileRef = 04FCE2E026D5146F001D1BE8 /* DrawView.swift */; };
/* End PBXBuildFile section */

/* Begin PBXFileReference section */
		04BA915926DA74EA00014C93 /* ImagePicker.swift */ = {isa = PBXFileReference; lastKnownFileType = sourcecode.swift; path = ImagePicker.swift; sourceTree = "<group>"; };
		04BA915D26DB80FE00014C93 /* Response.swift */ = {isa = PBXFileReference; lastKnownFileType = sourcecode.swift; path = Response.swift; sourceTree = "<group>"; };
		04BA915F26DB9FE600014C93 /* ViewModel.swift */ = {isa = PBXFileReference; lastKnownFileType = sourcecode.swift; path = ViewModel.swift; sourceTree = "<group>"; };
		04BA916126DBA0F800014C93 /* PhotoButton.swift */ = {isa = PBXFileReference; lastKnownFileType = sourcecode.swift; path = PhotoButton.swift; sourceTree = "<group>"; };
		04BA916326DBA13300014C93 /* UpdateNBar.swift */ = {isa = PBXFileReference; lastKnownFileType = sourcecode.swift; path = UpdateNBar.swift; sourceTree = "<group>"; };
		04BA916526DBFB4400014C93 /* Fourier.swift */ = {isa = PBXFileReference; lastKnownFileType = sourcecode.swift; path = Fourier.swift; sourceTree = "<group>"; };
		04FCE2CE26D5046F001D1BE8 /* Fourier.app */ = {isa = PBXFileReference; explicitFileType = wrapper.application; includeInIndex = 0; path = Fourier.app; sourceTree = BUILT_PRODUCTS_DIR; };
		04FCE2D126D5046F001D1BE8 /* FourierApp.swift */ = {isa = PBXFileReference; lastKnownFileType = sourcecode.swift; path = FourierApp.swift; sourceTree = "<group>"; };
		04FCE2D526D50470001D1BE8 /* Assets.xcassets */ = {isa = PBXFileReference; lastKnownFileType = folder.assetcatalog; path = Assets.xcassets; sourceTree = "<group>"; };
		04FCE2DA26D50470001D1BE8 /* Info.plist */ = {isa = PBXFileReference; lastKnownFileType = text.plist.xml; path = Info.plist; sourceTree = "<group>"; };
		04FCE2E026D5146F001D1BE8 /* DrawView.swift */ = {isa = PBXFileReference; lastKnownFileType = sourcecode.swift; path = DrawView.swift; sourceTree = "<group>"; };
/* End PBXFileReference section */

/* Begin PBXFrameworksBuildPhase section */
		04FCE2CB26D5046F001D1BE8 /* Frameworks */ = {
			isa = PBXFrameworksBuildPhase;
			buildActionMask = 2147483647;
			files = (
				04BA916926DC008900014C93 /* ComplexModule in Frameworks */,
			);
			runOnlyForDeploymentPostprocessing = 0;
		};
/* End PBXFrameworksBuildPhase section */

/* Begin PBXGroup section */
		04FCE2C526D5046F001D1BE8 = {
			isa = PBXGroup;
			children = (
				04FCE2D026D5046F001D1BE8 /* Fourier */,
				04FCE2CF26D5046F001D1BE8 /* Products */,
			);
			sourceTree = "<group>";
		};
		04FCE2CF26D5046F001D1BE8 /* Products */ = {
			isa = PBXGroup;
			children = (
				04FCE2CE26D5046F001D1BE8 /* Fourier.app */,
			);
			name = Products;
			sourceTree = "<group>";
		};
		04FCE2D026D5046F001D1BE8 /* Fourier */ = {
			isa = PBXGroup;
			children = (
				04FCE2D126D5046F001D1BE8 /* FourierApp.swift */,
				04FCE2E026D5146F001D1BE8 /* DrawView.swift */,
				04BA916126DBA0F800014C93 /* PhotoButton.swift */,
				04BA916326DBA13300014C93 /* UpdateNBar.swift */,
				04BA915F26DB9FE600014C93 /* ViewModel.swift */,
				04BA916526DBFB4400014C93 /* Fourier.swift */,
				04BA915926DA74EA00014C93 /* ImagePicker.swift */,
				04BA915D26DB80FE00014C93 /* Response.swift */,
				04FCE2D526D50470001D1BE8 /* Assets.xcassets */,
				04FCE2DA26D50470001D1BE8 /* Info.plist */,
			);
			path = Fourier;
			sourceTree = "<group>";
		};
/* End PBXGroup section */

/* Begin PBXNativeTarget section */
		04FCE2CD26D5046F001D1BE8 /* Fourier */ = {
			isa = PBXNativeTarget;
			buildConfigurationList = 04FCE2DD26D50470001D1BE8 /* Build configuration list for PBXNativeTarget "Fourier" */;
			buildPhases = (
				04FCE2CA26D5046F001D1BE8 /* Sources */,
				04FCE2CB26D5046F001D1BE8 /* Frameworks */,
				04FCE2CC26D5046F001D1BE8 /* Resources */,
			);
			buildRules = (
			);
			dependencies = (
			);
			name = Fourier;
			packageProductDependencies = (
				04BA916826DC008900014C93 /* ComplexModule */,
			);
			productName = Fourier;
			productReference = 04FCE2CE26D5046F001D1BE8 /* Fourier.app */;
			productType = "com.apple.product-type.application";
		};
/* End PBXNativeTarget section */

/* Begin PBXProject section */
		04FCE2C626D5046F001D1BE8 /* Project object */ = {
			isa = PBXProject;
			attributes = {
				LastSwiftUpdateCheck = 1250;
				LastUpgradeCheck = 1250;
				TargetAttributes = {
					04FCE2CD26D5046F001D1BE8 = {
						CreatedOnToolsVersion = 12.5.1;
					};
				};
			};
			buildConfigurationList = 04FCE2C926D5046F001D1BE8 /* Build configuration list for PBXProject "Fourier" */;
			compatibilityVersion = "Xcode 9.3";
			developmentRegion = en;
			hasScannedForEncodings = 0;
			knownRegions = (
				en,
				Base,
			);
			mainGroup = 04FCE2C526D5046F001D1BE8;
			packageReferences = (
				04BA916726DC008800014C93 /* XCRemoteSwiftPackageReference "swift-numerics" */,
			);
			productRefGroup = 04FCE2CF26D5046F001D1BE8 /* Products */;
			projectDirPath = "";
			projectRoot = "";
			targets = (
				04FCE2CD26D5046F001D1BE8 /* Fourier */,
			);
		};
/* End PBXProject section */

/* Begin PBXResourcesBuildPhase section */
		04FCE2CC26D5046F001D1BE8 /* Resources */ = {
			isa = PBXResourcesBuildPhase;
			buildActionMask = 2147483647;
			files = (
				04FCE2D626D50470001D1BE8 /* Assets.xcassets in Resources */,
			);
			runOnlyForDeploymentPostprocessing = 0;
		};
/* End PBXResourcesBuildPhase section */

/* Begin PBXSourcesBuildPhase section */
		04FCE2CA26D5046F001D1BE8 /* Sources */ = {
			isa = PBXSourcesBuildPhase;
			buildActionMask = 2147483647;
			files = (
				04BA916026DB9FE600014C93 /* ViewModel.swift in Sources */,
				04BA915A26DA74EA00014C93 /* ImagePicker.swift in Sources */,
				04FCE2D226D5046F001D1BE8 /* FourierApp.swift in Sources */,
				04FCE2E126D5146F001D1BE8 /* DrawView.swift in Sources */,
				04BA916626DBFB4400014C93 /* Fourier.swift in Sources */,
				04BA916226DBA0F800014C93 /* PhotoButton.swift in Sources */,
				04BA915E26DB80FE00014C93 /* Response.swift in Sources */,
				04BA916426DBA13300014C93 /* UpdateNBar.swift in Sources */,
			);
			runOnlyForDeploymentPostprocessing = 0;
		};
/* End PBXSourcesBuildPhase section */

/* Begin XCBuildConfiguration section */
		04FCE2DB26D50470001D1BE8 /* Debug */ = {
			isa = XCBuildConfiguration;
			buildSettings = {
				ALWAYS_SEARCH_USER_PATHS = NO;
				CLANG_ANALYZER_NONNULL = YES;
				CLANG_ANALYZER_NUMBER_OBJECT_CONVERSION = YES_AGGRESSIVE;
				CLANG_CXX_LANGUAGE_STANDARD = "gnu++14";
				CLANG_CXX_LIBRARY = "libc++";
				CLANG_ENABLE_MODULES = YES;
				CLANG_ENABLE_OBJC_ARC = YES;
				CLANG_ENABLE_OBJC_WEAK = YES;
				CLANG_WARN_BLOCK_CAPTURE_AUTORELEASING = YES;
				CLANG_WARN_BOOL_CONVERSION = YES;
				CLANG_WARN_COMMA = YES;
				CLANG_WARN_CONSTANT_CONVERSION = YES;
				CLANG_WARN_DEPRECATED_OBJC_IMPLEMENTATIONS = YES;
				CLANG_WARN_DIRECT_OBJC_ISA_USAGE = YES_ERROR;
				CLANG_WARN_DOCUMENTATION_COMMENTS = YES;
				CLANG_WARN_EMPTY_BODY = YES;
				CLANG_WARN_ENUM_CONVERSION = YES;
				CLANG_WARN_INFINITE_RECURSION = YES;
				CLANG_WARN_INT_CONVERSION = YES;
				CLANG_WARN_NON_LITERAL_NULL_CONVERSION = YES;
				CLANG_WARN_OBJC_IMPLICIT_RETAIN_SELF = YES;
				CLANG_WARN_OBJC_LITERAL_CONVERSION = YES;
				CLANG_WARN_OBJC_ROOT_CLASS = YES_ERROR;
				CLANG_WARN_QUOTED_INCLUDE_IN_FRAMEWORK_HEADER = YES;
				CLANG_WARN_RANGE_LOOP_ANALYSIS = YES;
				CLANG_WARN_STRICT_PROTOTYPES = YES;
				CLANG_WARN_SUSPICIOUS_MOVE = YES;
				CLANG_WARN_UNGUARDED_AVAILABILITY = YES_AGGRESSIVE;
				CLANG_WARN_UNREACHABLE_CODE = YES;
				CLANG_WARN__DUPLICATE_METHOD_MATCH = YES;
				COPY_PHASE_STRIP = NO;
				DEBUG_INFORMATION_FORMAT = dwarf;
				ENABLE_STRICT_OBJC_MSGSEND = YES;
				ENABLE_TESTABILITY = YES;
				GCC_C_LANGUAGE_STANDARD = gnu11;
				GCC_DYNAMIC_NO_PIC = NO;
				GCC_NO_COMMON_BLOCKS = YES;
				GCC_OPTIMIZATION_LEVEL = 0;
				GCC_PREPROCESSOR_DEFINITIONS = (
					"DEBUG=1",
					"$(inherited)",
				);
				GCC_WARN_64_TO_32_BIT_CONVERSION = YES;
				GCC_WARN_ABOUT_RETURN_TYPE = YES_ERROR;
				GCC_WARN_UNDECLARED_SELECTOR = YES;
				GCC_WARN_UNINITIALIZED_AUTOS = YES_AGGRESSIVE;
				GCC_WARN_UNUSED_FUNCTION = YES;
				GCC_WARN_UNUSED_VARIABLE = YES;
				IPHONEOS_DEPLOYMENT_TARGET = 14.5;
				MTL_ENABLE_DEBUG_INFO = INCLUDE_SOURCE;
				MTL_FAST_MATH = YES;
				ONLY_ACTIVE_ARCH = YES;
				SDKROOT = iphoneos;
				SWIFT_ACTIVE_COMPILATION_CONDITIONS = DEBUG;
				SWIFT_OPTIMIZATION_LEVEL = "-Onone";
			};
			name = Debug;
		};
		04FCE2DC26D50470001D1BE8 /* Release */ = {
			isa = XCBuildConfiguration;
			buildSettings = {
				ALWAYS_SEARCH_USER_PATHS = NO;
				CLANG_ANALYZER_NONNULL = YES;
				CLANG_ANALYZER_NUMBER_OBJECT_CONVERSION = YES_AGGRESSIVE;
				CLANG_CXX_LANGUAGE_STANDARD = "gnu++14";
				CLANG_CXX_LIBRARY = "libc++";
				CLANG_ENABLE_MODULES = YES;
				CLANG_ENABLE_OBJC_ARC = YES;
				CLANG_ENABLE_OBJC_WEAK = YES;
				CLANG_WARN_BLOCK_CAPTURE_AUTORELEASING = YES;
				CLANG_WARN_BOOL_CONVERSION = YES;
				CLANG_WARN_COMMA = YES;
				CLANG_WARN_CONSTANT_CONVERSION = YES;
				CLANG_WARN_DEPRECATED_OBJC_IMPLEMENTATIONS = YES;
				CLANG_WARN_DIRECT_OBJC_ISA_USAGE = YES_ERROR;
				CLANG_WARN_DOCUMENTATION_COMMENTS = YES;
				CLANG_WARN_EMPTY_BODY = YES;
				CLANG_WARN_ENUM_CONVERSION = YES;
				CLANG_WARN_INFINITE_RECURSION = YES;
				CLANG_WARN_INT_CONVERSION = YES;
				CLANG_WARN_NON_LITERAL_NULL_CONVERSION = YES;
				CLANG_WARN_OBJC_IMPLICIT_RETAIN_SELF = YES;
				CLANG_WARN_OBJC_LITERAL_CONVERSION = YES;
				CLANG_WARN_OBJC_ROOT_CLASS = YES_ERROR;
				CLANG_WARN_QUOTED_INCLUDE_IN_FRAMEWORK_HEADER = YES;
				CLANG_WARN_RANGE_LOOP_ANALYSIS = YES;
				CLANG_WARN_STRICT_PROTOTYPES = YES;
				CLANG_WARN_SUSPICIOUS_MOVE = YES;
				CLANG_WARN_UNGUARDED_AVAILABILITY = YES_AGGRESSIVE;
				CLANG_WARN_UNREACHABLE_CODE = YES;
				CLANG_WARN__DUPLICATE_METHOD_MATCH = YES;
				COPY_PHASE_STRIP = NO;
				DEBUG_INFORMATION_FORMAT = "dwarf-with-dsym";
				ENABLE_NS_ASSERTIONS = NO;
				ENABLE_STRICT_OBJC_MSGSEND = YES;
				GCC_C_LANGUAGE_STANDARD = gnu11;
				GCC_NO_COMMON_BLOCKS = YES;
				GCC_WARN_64_TO_32_BIT_CONVERSION = YES;
				GCC_WARN_ABOUT_RETURN_TYPE = YES_ERROR;
				GCC_WARN_UNDECLARED_SELECTOR = YES;
				GCC_WARN_UNINITIALIZED_AUTOS = YES_AGGRESSIVE;
				GCC_WARN_UNUSED_FUNCTION = YES;
				GCC_WARN_UNUSED_VARIABLE = YES;
				IPHONEOS_DEPLOYMENT_TARGET = 14.5;
				MTL_ENABLE_DEBUG_INFO = NO;
				MTL_FAST_MATH = YES;
				SDKROOT = iphoneos;
				SWIFT_COMPILATION_MODE = wholemodule;
				SWIFT_OPTIMIZATION_LEVEL = "-O";
				VALIDATE_PRODUCT = YES;
			};
			name = Release;
		};
		04FCE2DE26D50470001D1BE8 /* Debug */ = {
			isa = XCBuildConfiguration;
			buildSettings = {
				ASSETCATALOG_COMPILER_APPICON_NAME = AppIcon;
				ASSETCATALOG_COMPILER_GLOBAL_ACCENT_COLOR_NAME = AccentColor;
				CODE_SIGN_ENTITLEMENTS = Fourier/Fourier.entitlements;
				CODE_SIGN_STYLE = Automatic;
				CURRENT_PROJECT_VERSION = 2;
				DEVELOPMENT_ASSET_PATHS = "";
				DEVELOPMENT_TEAM = T4L8JBB88A;
				ENABLE_PREVIEWS = YES;
				INFOPLIST_FILE = Fourier/Info.plist;
				IPHONEOS_DEPLOYMENT_TARGET = 14.0;
				LD_RUNPATH_SEARCH_PATHS = (
					"$(inherited)",
					"@executable_path/Frameworks",
				);
				PRODUCT_BUNDLE_IDENTIFIER = JackFinnis.Fourier;
				PRODUCT_NAME = "$(TARGET_NAME)";
				SUPPORTS_MACCATALYST = NO;
				SUPPORTS_MAC_DESIGNED_FOR_IPHONE_IPAD = YES;
				SWIFT_VERSION = 5.0;
				TARGETED_DEVICE_FAMILY = "1,2";
			};
			name = Debug;
		};
		04FCE2DF26D50470001D1BE8 /* Release */ = {
			isa = XCBuildConfiguration;
			buildSettings = {
				ASSETCATALOG_COMPILER_APPICON_NAME = AppIcon;
				ASSETCATALOG_COMPILER_GLOBAL_ACCENT_COLOR_NAME = AccentColor;
				CODE_SIGN_ENTITLEMENTS = Fourier/Fourier.entitlements;
				CODE_SIGN_STYLE = Automatic;
				CURRENT_PROJECT_VERSION = 2;
				DEVELOPMENT_ASSET_PATHS = "";
				DEVELOPMENT_TEAM = T4L8JBB88A;
				ENABLE_PREVIEWS = YES;
				INFOPLIST_FILE = Fourier/Info.plist;
				IPHONEOS_DEPLOYMENT_TARGET = 14.0;
				LD_RUNPATH_SEARCH_PATHS = (
					"$(inherited)",
					"@executable_path/Frameworks",
				);
				PRODUCT_BUNDLE_IDENTIFIER = JackFinnis.Fourier;
				PRODUCT_NAME = "$(TARGET_NAME)";
				SUPPORTS_MACCATALYST = NO;
				SUPPORTS_MAC_DESIGNED_FOR_IPHONE_IPAD = YES;
				SWIFT_VERSION = 5.0;
				TARGETED_DEVICE_FAMILY = "1,2";
			};
			name = Release;
		};
/* End XCBuildConfiguration section */

/* Begin XCConfigurationList section */
		04FCE2C926D5046F001D1BE8 /* Build configuration list for PBXProject "Fourier" */ = {
			isa = XCConfigurationList;
			buildConfigurations = (
				04FCE2DB26D50470001D1BE8 /* Debug */,
				04FCE2DC26D50470001D1BE8 /* Release */,
			);
			defaultConfigurationIsVisible = 0;
			defaultConfigurationName = Release;
		};
		04FCE2DD26D50470001D1BE8 /* Build configuration list for PBXNativeTarget "Fourier" */ = {
			isa = XCConfigurationList;
			buildConfigurations = (
				04FCE2DE26D50470001D1BE8 /* Debug */,
				04FCE2DF26D50470001D1BE8 /* Release */,
			);
			defaultConfigurationIsVisible = 0;
			defaultConfigurationName = Release;
		};
/* End XCConfigurationList section */

/* Begin XCRemoteSwiftPackageReference section */
		04BA916726DC008800014C93 /* XCRemoteSwiftPackageReference "swift-numerics" */ = {
			isa = XCRemoteSwiftPackageReference;
			repositoryURL = "https://github.com/apple/swift-numerics";
			requirement = {
				kind = upToNextMajorVersion;
				minimumVersion = 0.1.0;
			};
		};
/* End XCRemoteSwiftPackageReference section */

/* Begin XCSwiftPackageProductDependency section */
		04BA916826DC008900014C93 /* ComplexModule */ = {
			isa = XCSwiftPackageProductDependency;
			package = 04BA916726DC008800014C93 /* XCRemoteSwiftPackageReference "swift-numerics" */;
			productName = ComplexModule;
		};
/* End XCSwiftPackageProductDependency section */
	};
	rootObject = 04FCE2C626D5046F001D1BE8 /* Project object */;
}
